// !$*UTF8*$!
{
	archiveVersion = 1;
	classes = {
	};
	objectVersion = 46;
	objects = {

/* Begin PBXBuildFile section */
		03013F151DE8389B002BBA6B /* RoomSizeAdjustScene.swift in Sources */ = {isa = PBXBuildFile; fileRef = 03013F141DE8389B002BBA6B /* RoomSizeAdjustScene.swift */; };
		03013F171DE838BB002BBA6B /* RoomSizeAdjustScene.sks in Resources */ = {isa = PBXBuildFile; fileRef = 03013F161DE838BB002BBA6B /* RoomSizeAdjustScene.sks */; };
		03013F191DE83953002BBA6B /* RoomSizeAdjustViewController.swift in Sources */ = {isa = PBXBuildFile; fileRef = 03013F181DE83953002BBA6B /* RoomSizeAdjustViewController.swift */; };
		0308784E1DD3ADB7003812A7 /* LightType.swift in Sources */ = {isa = PBXBuildFile; fileRef = 0308784D1DD3ADB7003812A7 /* LightType.swift */; };
		030878501DD3AE32003812A7 /* DataLightPlan.swift in Sources */ = {isa = PBXBuildFile; fileRef = 0308784F1DD3AE32003812A7 /* DataLightPlan.swift */; };
		030878791DD48B88003812A7 /* NameLight.swift in Sources */ = {isa = PBXBuildFile; fileRef = 030878781DD48B88003812A7 /* NameLight.swift */; };
		030B19E91DEC28B6000A9607 /* MyRoomViewController.swift in Sources */ = {isa = PBXBuildFile; fileRef = 030B19E81DEC28B6000A9607 /* MyRoomViewController.swift */; };
		030CD8121DF054DE00232D8D /* SelectRoomTypeCollectionCell.swift in Sources */ = {isa = PBXBuildFile; fileRef = 030CD8111DF054DE00232D8D /* SelectRoomTypeCollectionCell.swift */; };
		030CD8161DF07EFD00232D8D /* RoomShapeModel.swift in Sources */ = {isa = PBXBuildFile; fileRef = 030CD8151DF07EFD00232D8D /* RoomShapeModel.swift */; };
		030E81BF1DE6DB6100A2301B /* TestSKViewController.swift in Sources */ = {isa = PBXBuildFile; fileRef = 030E81BE1DE6DB6100A2301B /* TestSKViewController.swift */; };
		0311F65A1DE5A07000FDB150 /* Open space.png in Resources */ = {isa = PBXBuildFile; fileRef = 0311F6591DE5A07000FDB150 /* Open space.png */; };
		0312B1371DF55D2E00044DB7 /* PlaceFurnitureScene.sks in Resources */ = {isa = PBXBuildFile; fileRef = 0312B1361DF55D2E00044DB7 /* PlaceFurnitureScene.sks */; };
		0312B1391DF55D5300044DB7 /* PlaceFurnitureScene.swift in Sources */ = {isa = PBXBuildFile; fileRef = 0312B1381DF55D5300044DB7 /* PlaceFurnitureScene.swift */; };
		031DB0861DEEBDAB006C0F66 /* MyRoomTableViewCell.swift in Sources */ = {isa = PBXBuildFile; fileRef = 031DB0851DEEBDAB006C0F66 /* MyRoomTableViewCell.swift */; };
		032162C61DF56BFA0071EE57 /* PlaceFurnitureCollectionCell.swift in Sources */ = {isa = PBXBuildFile; fileRef = 032162C51DF56BFA0071EE57 /* PlaceFurnitureCollectionCell.swift */; };
		0321F49A1DD1E3BD00CB13BE /* A1.1.png in Resources */ = {isa = PBXBuildFile; fileRef = 0321F4991DD1E3BD00CB13BE /* A1.1.png */; };
		0321F4A11DD1E3DC00CB13BE /* A1.0.png in Resources */ = {isa = PBXBuildFile; fileRef = 0321F49B1DD1E3DC00CB13BE /* A1.0.png */; };
		0321F4A21DD1E3DC00CB13BE /* A1.2.png in Resources */ = {isa = PBXBuildFile; fileRef = 0321F49C1DD1E3DC00CB13BE /* A1.2.png */; };
		0321F4A31DD1E3DC00CB13BE /* A1.3.png in Resources */ = {isa = PBXBuildFile; fileRef = 0321F49D1DD1E3DC00CB13BE /* A1.3.png */; };
		0321F4A41DD1E3DC00CB13BE /* A1.4.png in Resources */ = {isa = PBXBuildFile; fileRef = 0321F49E1DD1E3DC00CB13BE /* A1.4.png */; };
		0321F4A51DD1E3DC00CB13BE /* A1.5a.png in Resources */ = {isa = PBXBuildFile; fileRef = 0321F49F1DD1E3DC00CB13BE /* A1.5a.png */; };
		0321F4A61DD1E3DC00CB13BE /* A1.5b.png in Resources */ = {isa = PBXBuildFile; fileRef = 0321F4A01DD1E3DC00CB13BE /* A1.5b.png */; };
		0321F4B51DD1E40200CB13BE /* B1.1.png in Resources */ = {isa = PBXBuildFile; fileRef = 0321F4A71DD1E40100CB13BE /* B1.1.png */; };
		0321F4B61DD1E40200CB13BE /* B1.2.png in Resources */ = {isa = PBXBuildFile; fileRef = 0321F4A81DD1E40100CB13BE /* B1.2.png */; };
		0321F4B71DD1E40200CB13BE /* C1.1.png in Resources */ = {isa = PBXBuildFile; fileRef = 0321F4A91DD1E40100CB13BE /* C1.1.png */; };
		0321F4B81DD1E40200CB13BE /* C1.2.png in Resources */ = {isa = PBXBuildFile; fileRef = 0321F4AA1DD1E40100CB13BE /* C1.2.png */; };
		0321F4B91DD1E40200CB13BE /* C1.3.png in Resources */ = {isa = PBXBuildFile; fileRef = 0321F4AB1DD1E40100CB13BE /* C1.3.png */; };
		0321F4BA1DD1E40200CB13BE /* D1.1.png in Resources */ = {isa = PBXBuildFile; fileRef = 0321F4AC1DD1E40100CB13BE /* D1.1.png */; };
		0321F4BB1DD1E40200CB13BE /* D1.2.png in Resources */ = {isa = PBXBuildFile; fileRef = 0321F4AD1DD1E40100CB13BE /* D1.2.png */; };
		0321F4BC1DD1E40200CB13BE /* D1.3.png in Resources */ = {isa = PBXBuildFile; fileRef = 0321F4AE1DD1E40100CB13BE /* D1.3.png */; };
		0321F4BD1DD1E40200CB13BE /* D1.4.png in Resources */ = {isa = PBXBuildFile; fileRef = 0321F4AF1DD1E40100CB13BE /* D1.4.png */; };
		0321F4BE1DD1E40200CB13BE /* D1.5.png in Resources */ = {isa = PBXBuildFile; fileRef = 0321F4B01DD1E40100CB13BE /* D1.5.png */; };
		0321F4BF1DD1E40200CB13BE /* D1.6.png in Resources */ = {isa = PBXBuildFile; fileRef = 0321F4B11DD1E40100CB13BE /* D1.6.png */; };
		0321F4C01DD1E40200CB13BE /* E0a.png in Resources */ = {isa = PBXBuildFile; fileRef = 0321F4B21DD1E40200CB13BE /* E0a.png */; };
		0321F4C11DD1E40200CB13BE /* E1.4a.png in Resources */ = {isa = PBXBuildFile; fileRef = 0321F4B31DD1E40200CB13BE /* E1.4a.png */; };
		0321F4C21DD1E40200CB13BE /* E1.4b.png in Resources */ = {isa = PBXBuildFile; fileRef = 0321F4B41DD1E40200CB13BE /* E1.4b.png */; };
		0374EB0F1DD4ABAB002165CD /* Debug.swift in Sources */ = {isa = PBXBuildFile; fileRef = 0374EB0E1DD4ABAB002165CD /* Debug.swift */; };
		0374EB321DD5E8F3002165CD /* LightTypeCollectionViewController.swift in Sources */ = {isa = PBXBuildFile; fileRef = 0374EB311DD5E8F2002165CD /* LightTypeCollectionViewController.swift */; };
		0374EB361DD67330002165CD /* TestButton.swift in Sources */ = {isa = PBXBuildFile; fileRef = 0374EB351DD67330002165CD /* TestButton.swift */; };
		038531CE1DF1684D00776F9D /* PlaceFurnitureViewController.swift in Sources */ = {isa = PBXBuildFile; fileRef = 038531CD1DF1684D00776F9D /* PlaceFurnitureViewController.swift */; };
		039137441DE4448000A6FB1E /* Extension UIButton.swift in Sources */ = {isa = PBXBuildFile; fileRef = 039137431DE4448000A6FB1E /* Extension UIButton.swift */; };
		039137461DE476B200A6FB1E /* LightPlanCreatorViewController.swift in Sources */ = {isa = PBXBuildFile; fileRef = 039137451DE476B200A6FB1E /* LightPlanCreatorViewController.swift */; };
		0391374A1DE4887600A6FB1E /* SelectRoomTypeViewController.swift in Sources */ = {isa = PBXBuildFile; fileRef = 039137491DE4887600A6FB1E /* SelectRoomTypeViewController.swift */; };
		03AB669D1DDCC6640073221E /* RoomShapeViewController.swift in Sources */ = {isa = PBXBuildFile; fileRef = 03AB669C1DDCC6640073221E /* RoomShapeViewController.swift */; };
		03B2B1871DDA160100CCFF70 /* spot.png in Resources */ = {isa = PBXBuildFile; fileRef = 03B2B17C1DDA160100CCFF70 /* spot.png */; };
		03B2B1881DDA160100CCFF70 /* rec_spot.png in Resources */ = {isa = PBXBuildFile; fileRef = 03B2B17D1DDA160100CCFF70 /* rec_spot.png */; };
		03B2B1891DDA160100CCFF70 /* ceiling.png in Resources */ = {isa = PBXBuildFile; fileRef = 03B2B17E1DDA160100CCFF70 /* ceiling.png */; };
		03B2B18A1DDA160100CCFF70 /* table.png in Resources */ = {isa = PBXBuildFile; fileRef = 03B2B17F1DDA160100CCFF70 /* table.png */; };
		03B2B18B1DDA160100CCFF70 /* floor.png in Resources */ = {isa = PBXBuildFile; fileRef = 03B2B1801DDA160100CCFF70 /* floor.png */; };
		03B2B18C1DDA160100CCFF70 /* pendant.png in Resources */ = {isa = PBXBuildFile; fileRef = 03B2B1811DDA160100CCFF70 /* pendant.png */; };
		03B2B18D1DDA160100CCFF70 /* br30_slim.png in Resources */ = {isa = PBXBuildFile; fileRef = 03B2B1821DDA160100CCFF70 /* br30_slim.png */; };
		03B2B18E1DDA160100CCFF70 /* go.png in Resources */ = {isa = PBXBuildFile; fileRef = 03B2B1831DDA160100CCFF70 /* go.png */; };
		03B2B18F1DDA160100CCFF70 /* gu10_perfectfit.png in Resources */ = {isa = PBXBuildFile; fileRef = 03B2B1841DDA160100CCFF70 /* gu10_perfectfit.png */; };
		03B2B1901DDA160100CCFF70 /* lightstrip.png in Resources */ = {isa = PBXBuildFile; fileRef = 03B2B1851DDA160100CCFF70 /* lightstrip.png */; };
		03B2B1911DDA160100CCFF70 /* white_and_color_e27_b22.png in Resources */ = {isa = PBXBuildFile; fileRef = 03B2B1861DDA160100CCFF70 /* white_and_color_e27_b22.png */; };
		03B2B1991DDA162F00CCFF70 /* bathroom.png in Resources */ = {isa = PBXBuildFile; fileRef = 03B2B1931DDA162F00CCFF70 /* bathroom.png */; };
		03B2B19A1DDA162F00CCFF70 /* bedroom.png in Resources */ = {isa = PBXBuildFile; fileRef = 03B2B1941DDA162F00CCFF70 /* bedroom.png */; };
		03B2B19B1DDA162F00CCFF70 /* dining.png in Resources */ = {isa = PBXBuildFile; fileRef = 03B2B1951DDA162F00CCFF70 /* dining.png */; };
		03B2B19C1DDA162F00CCFF70 /* kitchen.png in Resources */ = {isa = PBXBuildFile; fileRef = 03B2B1961DDA162F00CCFF70 /* kitchen.png */; };
		03B2B19D1DDA162F00CCFF70 /* living.png in Resources */ = {isa = PBXBuildFile; fileRef = 03B2B1971DDA162F00CCFF70 /* living.png */; };
		03B2B19E1DDA162F00CCFF70 /* toilet.png in Resources */ = {isa = PBXBuildFile; fileRef = 03B2B1981DDA162F00CCFF70 /* toilet.png */; };
		03BB03131DD0C75B00AD5069 /* AppDelegate.swift in Sources */ = {isa = PBXBuildFile; fileRef = 03BB03121DD0C75B00AD5069 /* AppDelegate.swift */; };
		03BB03181DD0C75B00AD5069 /* Main.storyboard in Resources */ = {isa = PBXBuildFile; fileRef = 03BB03161DD0C75B00AD5069 /* Main.storyboard */; };
		03BB031A1DD0C75B00AD5069 /* Assets.xcassets in Resources */ = {isa = PBXBuildFile; fileRef = 03BB03191DD0C75B00AD5069 /* Assets.xcassets */; };
		9C0BD1DE1DF055F1000BA00C /* ChooseItemTableViewController.swift in Sources */ = {isa = PBXBuildFile; fileRef = 9C0BD1DD1DF055F1000BA00C /* ChooseItemTableViewController.swift */; };
		9C0BD1E01DF05B4E000BA00C /* ChooseItemCell.swift in Sources */ = {isa = PBXBuildFile; fileRef = 9C0BD1DF1DF05B4E000BA00C /* ChooseItemCell.swift */; };
		9C0BD1E21DF0600C000BA00C /* ChooseItem.swift in Sources */ = {isa = PBXBuildFile; fileRef = 9C0BD1E11DF0600C000BA00C /* ChooseItem.swift */; };
		9C0BFC941DE34F3B000D6382 /* bulbSpriteNode.swift in Sources */ = {isa = PBXBuildFile; fileRef = 9C0BFC931DE34F3B000D6382 /* bulbSpriteNode.swift */; };
		9C0BFC971DE5DB63000D6382 /* Home.swift in Sources */ = {isa = PBXBuildFile; fileRef = 9C0BFC961DE5DB63000D6382 /* Home.swift */; };
		9C1200BD1DF18516005D3D61 /* ShowGroupViewController.swift in Sources */ = {isa = PBXBuildFile; fileRef = 9C1200BC1DF18516005D3D61 /* ShowGroupViewController.swift */; };
		9C3DE6111DDB4A0600BDD092 /* SceneViewController.swift in Sources */ = {isa = PBXBuildFile; fileRef = 9C3DE6101DDB4A0600BDD092 /* SceneViewController.swift */; };
		9C3F10341DED6F90003AB480 /* NameBulbViewController.swift in Sources */ = {isa = PBXBuildFile; fileRef = 9C3F10331DED6F90003AB480 /* NameBulbViewController.swift */; };
		9C43CEEE1DF55E0E00CEFB62 /* PlaceBulbViewController.swift in Sources */ = {isa = PBXBuildFile; fileRef = 9C43CEED1DF55E0E00CEFB62 /* PlaceBulbViewController.swift */; };
		9C43CEF01DF569FF00CEFB62 /* addBulbCell.swift in Sources */ = {isa = PBXBuildFile; fileRef = 9C43CEEF1DF569FF00CEFB62 /* addBulbCell.swift */; };
		9C4884A11DD37EEF00DE07EA /* Bulb.swift in Sources */ = {isa = PBXBuildFile; fileRef = 9C4884A01DD37EEF00DE07EA /* Bulb.swift */; };
		9C4884A51DD3814400DE07EA /* RoomScene.swift in Sources */ = {isa = PBXBuildFile; fileRef = 9C4884A41DD3814400DE07EA /* RoomScene.swift */; };
		9C4884A71DD3816800DE07EA /* RoomScene.sks in Resources */ = {isa = PBXBuildFile; fileRef = 9C4884A61DD3816800DE07EA /* RoomScene.sks */; };
		9C4884A91DD3829100DE07EA /* RoomViewController.swift in Sources */ = {isa = PBXBuildFile; fileRef = 9C4884A81DD3829100DE07EA /* RoomViewController.swift */; };
		9C7D67671DDC4C8500C0CEAF /* Group.swift in Sources */ = {isa = PBXBuildFile; fileRef = 9C7D67661DDC4C8500C0CEAF /* Group.swift */; };
		9C7D67691DDC4F4F00C0CEAF /* Room.swift in Sources */ = {isa = PBXBuildFile; fileRef = 9C7D67681DDC4F4F00C0CEAF /* Room.swift */; };
		9C7D676B1DDC782300C0CEAF /* GroupBulbsViewController.swift in Sources */ = {isa = PBXBuildFile; fileRef = 9C7D676A1DDC782300C0CEAF /* GroupBulbsViewController.swift */; };
		9C981AFF1DD4897C00D3DDAF /* DataSource.swift in Sources */ = {isa = PBXBuildFile; fileRef = 9C981AFE1DD4897C00D3DDAF /* DataSource.swift */; };
/* End PBXBuildFile section */

/* Begin PBXFileReference section */
		03013F141DE8389B002BBA6B /* RoomSizeAdjustScene.swift */ = {isa = PBXFileReference; fileEncoding = 4; lastKnownFileType = sourcecode.swift; path = RoomSizeAdjustScene.swift; sourceTree = "<group>"; };
		03013F161DE838BB002BBA6B /* RoomSizeAdjustScene.sks */ = {isa = PBXFileReference; lastKnownFileType = file.sks; path = RoomSizeAdjustScene.sks; sourceTree = "<group>"; };
		03013F181DE83953002BBA6B /* RoomSizeAdjustViewController.swift */ = {isa = PBXFileReference; fileEncoding = 4; lastKnownFileType = sourcecode.swift; path = RoomSizeAdjustViewController.swift; sourceTree = "<group>"; };
		0308784D1DD3ADB7003812A7 /* LightType.swift */ = {isa = PBXFileReference; fileEncoding = 4; lastKnownFileType = sourcecode.swift; path = LightType.swift; sourceTree = "<group>"; };
		0308784F1DD3AE32003812A7 /* DataLightPlan.swift */ = {isa = PBXFileReference; fileEncoding = 4; lastKnownFileType = sourcecode.swift; path = DataLightPlan.swift; sourceTree = "<group>"; };
		030878781DD48B88003812A7 /* NameLight.swift */ = {isa = PBXFileReference; fileEncoding = 4; lastKnownFileType = sourcecode.swift; path = NameLight.swift; sourceTree = "<group>"; };
		030B19E81DEC28B6000A9607 /* MyRoomViewController.swift */ = {isa = PBXFileReference; fileEncoding = 4; lastKnownFileType = sourcecode.swift; path = MyRoomViewController.swift; sourceTree = "<group>"; };
		030CD8111DF054DE00232D8D /* SelectRoomTypeCollectionCell.swift */ = {isa = PBXFileReference; fileEncoding = 4; lastKnownFileType = sourcecode.swift; path = SelectRoomTypeCollectionCell.swift; sourceTree = "<group>"; };
		030CD8131DF0580B00232D8D /* CollectionViewCell.swift */ = {isa = PBXFileReference; fileEncoding = 4; lastKnownFileType = sourcecode.swift; path = CollectionViewCell.swift; sourceTree = "<group>"; };
		030CD8151DF07EFD00232D8D /* RoomShapeModel.swift */ = {isa = PBXFileReference; fileEncoding = 4; lastKnownFileType = sourcecode.swift; path = RoomShapeModel.swift; sourceTree = "<group>"; };
		030E81BE1DE6DB6100A2301B /* TestSKViewController.swift */ = {isa = PBXFileReference; fileEncoding = 4; lastKnownFileType = sourcecode.swift; path = TestSKViewController.swift; sourceTree = "<group>"; };
		0311F6591DE5A07000FDB150 /* Open space.png */ = {isa = PBXFileReference; lastKnownFileType = image.png; path = "Open space.png"; sourceTree = "<group>"; };
		0312B1361DF55D2E00044DB7 /* PlaceFurnitureScene.sks */ = {isa = PBXFileReference; lastKnownFileType = file.sks; path = PlaceFurnitureScene.sks; sourceTree = "<group>"; };
		0312B1381DF55D5300044DB7 /* PlaceFurnitureScene.swift */ = {isa = PBXFileReference; fileEncoding = 4; lastKnownFileType = sourcecode.swift; path = PlaceFurnitureScene.swift; sourceTree = "<group>"; };
		031DB0851DEEBDAB006C0F66 /* MyRoomTableViewCell.swift */ = {isa = PBXFileReference; fileEncoding = 4; lastKnownFileType = sourcecode.swift; path = MyRoomTableViewCell.swift; sourceTree = "<group>"; };
		032162C51DF56BFA0071EE57 /* PlaceFurnitureCollectionCell.swift */ = {isa = PBXFileReference; fileEncoding = 4; lastKnownFileType = sourcecode.swift; path = PlaceFurnitureCollectionCell.swift; sourceTree = "<group>"; };
		0321F4991DD1E3BD00CB13BE /* A1.1.png */ = {isa = PBXFileReference; lastKnownFileType = image.png; path = A1.1.png; sourceTree = "<group>"; };
		0321F49B1DD1E3DC00CB13BE /* A1.0.png */ = {isa = PBXFileReference; lastKnownFileType = image.png; path = A1.0.png; sourceTree = "<group>"; };
		0321F49C1DD1E3DC00CB13BE /* A1.2.png */ = {isa = PBXFileReference; lastKnownFileType = image.png; path = A1.2.png; sourceTree = "<group>"; };
		0321F49D1DD1E3DC00CB13BE /* A1.3.png */ = {isa = PBXFileReference; lastKnownFileType = image.png; path = A1.3.png; sourceTree = "<group>"; };
		0321F49E1DD1E3DC00CB13BE /* A1.4.png */ = {isa = PBXFileReference; lastKnownFileType = image.png; path = A1.4.png; sourceTree = "<group>"; };
		0321F49F1DD1E3DC00CB13BE /* A1.5a.png */ = {isa = PBXFileReference; lastKnownFileType = image.png; path = A1.5a.png; sourceTree = "<group>"; };
		0321F4A01DD1E3DC00CB13BE /* A1.5b.png */ = {isa = PBXFileReference; lastKnownFileType = image.png; path = A1.5b.png; sourceTree = "<group>"; };
		0321F4A71DD1E40100CB13BE /* B1.1.png */ = {isa = PBXFileReference; lastKnownFileType = image.png; path = B1.1.png; sourceTree = "<group>"; };
		0321F4A81DD1E40100CB13BE /* B1.2.png */ = {isa = PBXFileReference; lastKnownFileType = image.png; path = B1.2.png; sourceTree = "<group>"; };
		0321F4A91DD1E40100CB13BE /* C1.1.png */ = {isa = PBXFileReference; lastKnownFileType = image.png; path = C1.1.png; sourceTree = "<group>"; };
		0321F4AA1DD1E40100CB13BE /* C1.2.png */ = {isa = PBXFileReference; lastKnownFileType = image.png; path = C1.2.png; sourceTree = "<group>"; };
		0321F4AB1DD1E40100CB13BE /* C1.3.png */ = {isa = PBXFileReference; lastKnownFileType = image.png; path = C1.3.png; sourceTree = "<group>"; };
		0321F4AC1DD1E40100CB13BE /* D1.1.png */ = {isa = PBXFileReference; lastKnownFileType = image.png; path = D1.1.png; sourceTree = "<group>"; };
		0321F4AD1DD1E40100CB13BE /* D1.2.png */ = {isa = PBXFileReference; lastKnownFileType = image.png; path = D1.2.png; sourceTree = "<group>"; };
		0321F4AE1DD1E40100CB13BE /* D1.3.png */ = {isa = PBXFileReference; lastKnownFileType = image.png; path = D1.3.png; sourceTree = "<group>"; };
		0321F4AF1DD1E40100CB13BE /* D1.4.png */ = {isa = PBXFileReference; lastKnownFileType = image.png; path = D1.4.png; sourceTree = "<group>"; };
		0321F4B01DD1E40100CB13BE /* D1.5.png */ = {isa = PBXFileReference; lastKnownFileType = image.png; path = D1.5.png; sourceTree = "<group>"; };
		0321F4B11DD1E40100CB13BE /* D1.6.png */ = {isa = PBXFileReference; lastKnownFileType = image.png; path = D1.6.png; sourceTree = "<group>"; };
		0321F4B21DD1E40200CB13BE /* E0a.png */ = {isa = PBXFileReference; lastKnownFileType = image.png; path = E0a.png; sourceTree = "<group>"; };
		0321F4B31DD1E40200CB13BE /* E1.4a.png */ = {isa = PBXFileReference; lastKnownFileType = image.png; path = E1.4a.png; sourceTree = "<group>"; };
		0321F4B41DD1E40200CB13BE /* E1.4b.png */ = {isa = PBXFileReference; lastKnownFileType = image.png; path = E1.4b.png; sourceTree = "<group>"; };
		0374EB0E1DD4ABAB002165CD /* Debug.swift */ = {isa = PBXFileReference; fileEncoding = 4; lastKnownFileType = sourcecode.swift; path = Debug.swift; sourceTree = "<group>"; };
		0374EB311DD5E8F2002165CD /* LightTypeCollectionViewController.swift */ = {isa = PBXFileReference; fileEncoding = 4; lastKnownFileType = sourcecode.swift; path = LightTypeCollectionViewController.swift; sourceTree = "<group>"; };
		0374EB351DD67330002165CD /* TestButton.swift */ = {isa = PBXFileReference; fileEncoding = 4; lastKnownFileType = sourcecode.swift; path = TestButton.swift; sourceTree = "<group>"; };
		038531CD1DF1684D00776F9D /* PlaceFurnitureViewController.swift */ = {isa = PBXFileReference; fileEncoding = 4; lastKnownFileType = sourcecode.swift; path = PlaceFurnitureViewController.swift; sourceTree = "<group>"; };
		039137431DE4448000A6FB1E /* Extension UIButton.swift */ = {isa = PBXFileReference; fileEncoding = 4; lastKnownFileType = sourcecode.swift; path = "Extension UIButton.swift"; sourceTree = "<group>"; };
		039137451DE476B200A6FB1E /* LightPlanCreatorViewController.swift */ = {isa = PBXFileReference; fileEncoding = 4; lastKnownFileType = sourcecode.swift; path = LightPlanCreatorViewController.swift; sourceTree = "<group>"; };
		039137491DE4887600A6FB1E /* SelectRoomTypeViewController.swift */ = {isa = PBXFileReference; fileEncoding = 4; lastKnownFileType = sourcecode.swift; path = SelectRoomTypeViewController.swift; sourceTree = "<group>"; };
		03AB669C1DDCC6640073221E /* RoomShapeViewController.swift */ = {isa = PBXFileReference; fileEncoding = 4; lastKnownFileType = sourcecode.swift; path = RoomShapeViewController.swift; sourceTree = "<group>"; };
		03B2B17C1DDA160100CCFF70 /* spot.png */ = {isa = PBXFileReference; lastKnownFileType = image.png; path = spot.png; sourceTree = "<group>"; };
		03B2B17D1DDA160100CCFF70 /* rec_spot.png */ = {isa = PBXFileReference; lastKnownFileType = image.png; path = rec_spot.png; sourceTree = "<group>"; };
		03B2B17E1DDA160100CCFF70 /* ceiling.png */ = {isa = PBXFileReference; lastKnownFileType = image.png; path = ceiling.png; sourceTree = "<group>"; };
		03B2B17F1DDA160100CCFF70 /* table.png */ = {isa = PBXFileReference; lastKnownFileType = image.png; path = table.png; sourceTree = "<group>"; };
		03B2B1801DDA160100CCFF70 /* floor.png */ = {isa = PBXFileReference; lastKnownFileType = image.png; path = floor.png; sourceTree = "<group>"; };
		03B2B1811DDA160100CCFF70 /* pendant.png */ = {isa = PBXFileReference; lastKnownFileType = image.png; path = pendant.png; sourceTree = "<group>"; };
		03B2B1821DDA160100CCFF70 /* br30_slim.png */ = {isa = PBXFileReference; lastKnownFileType = image.png; path = br30_slim.png; sourceTree = "<group>"; };
		03B2B1831DDA160100CCFF70 /* go.png */ = {isa = PBXFileReference; lastKnownFileType = image.png; path = go.png; sourceTree = "<group>"; };
		03B2B1841DDA160100CCFF70 /* gu10_perfectfit.png */ = {isa = PBXFileReference; lastKnownFileType = image.png; path = gu10_perfectfit.png; sourceTree = "<group>"; };
		03B2B1851DDA160100CCFF70 /* lightstrip.png */ = {isa = PBXFileReference; lastKnownFileType = image.png; path = lightstrip.png; sourceTree = "<group>"; };
		03B2B1861DDA160100CCFF70 /* white_and_color_e27_b22.png */ = {isa = PBXFileReference; lastKnownFileType = image.png; path = white_and_color_e27_b22.png; sourceTree = "<group>"; };
		03B2B1931DDA162F00CCFF70 /* bathroom.png */ = {isa = PBXFileReference; lastKnownFileType = image.png; path = bathroom.png; sourceTree = "<group>"; };
		03B2B1941DDA162F00CCFF70 /* bedroom.png */ = {isa = PBXFileReference; lastKnownFileType = image.png; path = bedroom.png; sourceTree = "<group>"; };
		03B2B1951DDA162F00CCFF70 /* dining.png */ = {isa = PBXFileReference; lastKnownFileType = image.png; path = dining.png; sourceTree = "<group>"; };
		03B2B1961DDA162F00CCFF70 /* kitchen.png */ = {isa = PBXFileReference; lastKnownFileType = image.png; path = kitchen.png; sourceTree = "<group>"; };
		03B2B1971DDA162F00CCFF70 /* living.png */ = {isa = PBXFileReference; lastKnownFileType = image.png; path = living.png; sourceTree = "<group>"; };
		03B2B1981DDA162F00CCFF70 /* toilet.png */ = {isa = PBXFileReference; lastKnownFileType = image.png; path = toilet.png; sourceTree = "<group>"; };
		03BB030F1DD0C75B00AD5069 /* LightPlanPhilips.app */ = {isa = PBXFileReference; explicitFileType = wrapper.application; includeInIndex = 0; path = LightPlanPhilips.app; sourceTree = BUILT_PRODUCTS_DIR; };
		03BB03121DD0C75B00AD5069 /* AppDelegate.swift */ = {isa = PBXFileReference; lastKnownFileType = sourcecode.swift; path = AppDelegate.swift; sourceTree = "<group>"; };
		03BB03171DD0C75B00AD5069 /* Base */ = {isa = PBXFileReference; lastKnownFileType = file.storyboard; name = Base; path = Base.lproj/Main.storyboard; sourceTree = "<group>"; };
		03BB03191DD0C75B00AD5069 /* Assets.xcassets */ = {isa = PBXFileReference; lastKnownFileType = folder.assetcatalog; path = Assets.xcassets; sourceTree = "<group>"; };
		03BB031E1DD0C75B00AD5069 /* Info.plist */ = {isa = PBXFileReference; lastKnownFileType = text.plist.xml; path = Info.plist; sourceTree = "<group>"; };
		03CA5EBA1DE8854400B83D2A /* LightPlanPhilips-Bridging-Header.h */ = {isa = PBXFileReference; lastKnownFileType = sourcecode.c.h; path = "LightPlanPhilips-Bridging-Header.h"; sourceTree = "<group>"; };
		9C0BD1DD1DF055F1000BA00C /* ChooseItemTableViewController.swift */ = {isa = PBXFileReference; fileEncoding = 4; lastKnownFileType = sourcecode.swift; path = ChooseItemTableViewController.swift; sourceTree = "<group>"; };
		9C0BD1DF1DF05B4E000BA00C /* ChooseItemCell.swift */ = {isa = PBXFileReference; fileEncoding = 4; lastKnownFileType = sourcecode.swift; path = ChooseItemCell.swift; sourceTree = "<group>"; };
		9C0BD1E11DF0600C000BA00C /* ChooseItem.swift */ = {isa = PBXFileReference; fileEncoding = 4; lastKnownFileType = sourcecode.swift; path = ChooseItem.swift; sourceTree = "<group>"; };
		9C0BFC931DE34F3B000D6382 /* bulbSpriteNode.swift */ = {isa = PBXFileReference; fileEncoding = 4; lastKnownFileType = sourcecode.swift; path = bulbSpriteNode.swift; sourceTree = "<group>"; };
		9C0BFC961DE5DB63000D6382 /* Home.swift */ = {isa = PBXFileReference; fileEncoding = 4; lastKnownFileType = sourcecode.swift; path = Home.swift; sourceTree = "<group>"; };
		9C1200BC1DF18516005D3D61 /* ShowGroupViewController.swift */ = {isa = PBXFileReference; fileEncoding = 4; lastKnownFileType = sourcecode.swift; path = ShowGroupViewController.swift; sourceTree = "<group>"; };
		9C3DE6101DDB4A0600BDD092 /* SceneViewController.swift */ = {isa = PBXFileReference; fileEncoding = 4; lastKnownFileType = sourcecode.swift; path = SceneViewController.swift; sourceTree = "<group>"; };
		9C3F10331DED6F90003AB480 /* NameBulbViewController.swift */ = {isa = PBXFileReference; fileEncoding = 4; lastKnownFileType = sourcecode.swift; path = NameBulbViewController.swift; sourceTree = SOURCE_ROOT; };
		9C43CEED1DF55E0E00CEFB62 /* PlaceBulbViewController.swift */ = {isa = PBXFileReference; fileEncoding = 4; lastKnownFileType = sourcecode.swift; path = PlaceBulbViewController.swift; sourceTree = "<group>"; };
		9C43CEEF1DF569FF00CEFB62 /* addBulbCell.swift */ = {isa = PBXFileReference; fileEncoding = 4; lastKnownFileType = sourcecode.swift; path = addBulbCell.swift; sourceTree = "<group>"; };
		9C4884A01DD37EEF00DE07EA /* Bulb.swift */ = {isa = PBXFileReference; fileEncoding = 4; lastKnownFileType = sourcecode.swift; path = Bulb.swift; sourceTree = "<group>"; };
		9C4884A41DD3814400DE07EA /* RoomScene.swift */ = {isa = PBXFileReference; fileEncoding = 4; lastKnownFileType = sourcecode.swift; path = RoomScene.swift; sourceTree = "<group>"; };
		9C4884A61DD3816800DE07EA /* RoomScene.sks */ = {isa = PBXFileReference; lastKnownFileType = file.sks; path = RoomScene.sks; sourceTree = "<group>"; };
		9C4884A81DD3829100DE07EA /* RoomViewController.swift */ = {isa = PBXFileReference; fileEncoding = 4; lastKnownFileType = sourcecode.swift; path = RoomViewController.swift; sourceTree = "<group>"; };
		9C7D67661DDC4C8500C0CEAF /* Group.swift */ = {isa = PBXFileReference; fileEncoding = 4; lastKnownFileType = sourcecode.swift; path = Group.swift; sourceTree = "<group>"; };
		9C7D67681DDC4F4F00C0CEAF /* Room.swift */ = {isa = PBXFileReference; fileEncoding = 4; lastKnownFileType = sourcecode.swift; path = Room.swift; sourceTree = "<group>"; };
		9C7D676A1DDC782300C0CEAF /* GroupBulbsViewController.swift */ = {isa = PBXFileReference; fileEncoding = 4; lastKnownFileType = sourcecode.swift; path = GroupBulbsViewController.swift; sourceTree = "<group>"; };
		9C981AFE1DD4897C00D3DDAF /* DataSource.swift */ = {isa = PBXFileReference; fileEncoding = 4; lastKnownFileType = sourcecode.swift; path = DataSource.swift; sourceTree = "<group>"; };
/* End PBXFileReference section */

/* Begin PBXFrameworksBuildPhase section */
		03BB030C1DD0C75B00AD5069 /* Frameworks */ = {
			isa = PBXFrameworksBuildPhase;
			buildActionMask = 2147483647;
			files = (
			);
			runOnlyForDeploymentPostprocessing = 0;
		};
/* End PBXFrameworksBuildPhase section */

/* Begin PBXGroup section */
		03013F341DE87F6C002BBA6B /* Frameworks */ = {
			isa = PBXGroup;
			children = (
			);
			name = Frameworks;
			sourceTree = "<group>";
		};
		030878511DD3B392003812A7 /* Philips Light Plan LightType */ = {
			isa = PBXGroup;
			children = (
				03B2B1821DDA160100CCFF70 /* br30_slim.png */,
				03B2B17E1DDA160100CCFF70 /* ceiling.png */,
				03B2B1801DDA160100CCFF70 /* floor.png */,
				03B2B1831DDA160100CCFF70 /* go.png */,
				03B2B1841DDA160100CCFF70 /* gu10_perfectfit.png */,
				03B2B1851DDA160100CCFF70 /* lightstrip.png */,
				03B2B1811DDA160100CCFF70 /* pendant.png */,
				03B2B17D1DDA160100CCFF70 /* rec_spot.png */,
				03B2B17C1DDA160100CCFF70 /* spot.png */,
				03B2B17F1DDA160100CCFF70 /* table.png */,
				03B2B1861DDA160100CCFF70 /* white_and_color_e27_b22.png */,
			);
			name = "Philips Light Plan LightType";
			sourceTree = "<group>";
		};
		031CEBD11DD3801800E40BCF /* Model */ = {
			isa = PBXGroup;
			children = (
				9C981AFE1DD4897C00D3DDAF /* DataSource.swift */,
				9C0BFC961DE5DB63000D6382 /* Home.swift */,
				9C7D67681DDC4F4F00C0CEAF /* Room.swift */,
				9C7D67661DDC4C8500C0CEAF /* Group.swift */,
				9C4884A01DD37EEF00DE07EA /* Bulb.swift */,
				0308784D1DD3ADB7003812A7 /* LightType.swift */,
				030878781DD48B88003812A7 /* NameLight.swift */,
				0308784F1DD3AE32003812A7 /* DataLightPlan.swift */,
				9C0BFC931DE34F3B000D6382 /* bulbSpriteNode.swift */,
				0374EB0E1DD4ABAB002165CD /* Debug.swift */,
				031DB0851DEEBDAB006C0F66 /* MyRoomTableViewCell.swift */,
				030CD8111DF054DE00232D8D /* SelectRoomTypeCollectionCell.swift */,
				032162C51DF56BFA0071EE57 /* PlaceFurnitureCollectionCell.swift */,
				030CD8131DF0580B00232D8D /* CollectionViewCell.swift */,
				03BB03121DD0C75B00AD5069 /* AppDelegate.swift */,
				9C0BD1DF1DF05B4E000BA00C /* ChooseItemCell.swift */,
				9C0BD1E11DF0600C000BA00C /* ChooseItem.swift */,
			);
			name = Model;
			sourceTree = "<group>";
		};
		031CEBD21DD3802000E40BCF /* Controller */ = {
			isa = PBXGroup;
			children = (
				039137451DE476B200A6FB1E /* LightPlanCreatorViewController.swift */,
				030B19E81DEC28B6000A9607 /* MyRoomViewController.swift */,
				039137491DE4887600A6FB1E /* SelectRoomTypeViewController.swift */,
				03AB669C1DDCC6640073221E /* RoomShapeViewController.swift */,
				030CD8151DF07EFD00232D8D /* RoomShapeModel.swift */,
				03013F181DE83953002BBA6B /* RoomSizeAdjustViewController.swift */,
				038531CD1DF1684D00776F9D /* PlaceFurnitureViewController.swift */,
<<<<<<< HEAD
				031CEBD71DD3831D00E40BCF /* NameLightViewController.swift */,
				0376EDD51DDDA08B00587303 /* CreateLightGroupViewController.swift */,
=======
				9C4884A81DD3829100DE07EA /* RoomViewController.swift */,
>>>>>>> 945859bb5396b4fe86161bf1e78d193991aad219
				030E81BE1DE6DB6100A2301B /* TestSKViewController.swift */,
				9C3F10331DED6F90003AB480 /* NameBulbViewController.swift */,
				0374EB311DD5E8F2002165CD /* LightTypeCollectionViewController.swift */,
				9C7D676A1DDC782300C0CEAF /* GroupBulbsViewController.swift */,
				9C0BD1DD1DF055F1000BA00C /* ChooseItemTableViewController.swift */,
				9C1200BC1DF18516005D3D61 /* ShowGroupViewController.swift */,
				9C4884A81DD3829100DE07EA /* RoomViewController.swift */,
				9C43CEED1DF55E0E00CEFB62 /* PlaceBulbViewController.swift */,
				9C43CEEF1DF569FF00CEFB62 /* addBulbCell.swift */,
			);
			name = Controller;
			sourceTree = "<group>";
		};
		031CEBD31DD3803400E40BCF /* View */ = {
			isa = PBXGroup;
			children = (
				03BB03161DD0C75B00AD5069 /* Main.storyboard */,
				03013F161DE838BB002BBA6B /* RoomSizeAdjustScene.sks */,
				0312B1361DF55D2E00044DB7 /* PlaceFurnitureScene.sks */,
				03013F141DE8389B002BBA6B /* RoomSizeAdjustScene.swift */,
				0312B1381DF55D5300044DB7 /* PlaceFurnitureScene.swift */,
				039137431DE4448000A6FB1E /* Extension UIButton.swift */,
				0374EB351DD67330002165CD /* TestButton.swift */,
			);
			name = View;
			sourceTree = "<group>";
		};
		031CEBD41DD3807500E40BCF /* Additional Files */ = {
			isa = PBXGroup;
			children = (
				03BB03191DD0C75B00AD5069 /* Assets.xcassets */,
				03BB031E1DD0C75B00AD5069 /* Info.plist */,
				9C4884A41DD3814400DE07EA /* RoomScene.swift */,
				9C4884A61DD3816800DE07EA /* RoomScene.sks */,
				9C3DE6101DDB4A0600BDD092 /* SceneViewController.swift */,
			);
			name = "Additional Files";
			sourceTree = "<group>";
		};
		0321F4C31DD1E41200CB13BE /* Philips Light Plan PDF */ = {
			isa = PBXGroup;
			children = (
				0321F49B1DD1E3DC00CB13BE /* A1.0.png */,
				0321F4991DD1E3BD00CB13BE /* A1.1.png */,
				0321F49C1DD1E3DC00CB13BE /* A1.2.png */,
				0321F49D1DD1E3DC00CB13BE /* A1.3.png */,
				0321F49E1DD1E3DC00CB13BE /* A1.4.png */,
				0321F49F1DD1E3DC00CB13BE /* A1.5a.png */,
				0321F4A01DD1E3DC00CB13BE /* A1.5b.png */,
				0321F4A71DD1E40100CB13BE /* B1.1.png */,
				0321F4A81DD1E40100CB13BE /* B1.2.png */,
				0321F4A91DD1E40100CB13BE /* C1.1.png */,
				0321F4AA1DD1E40100CB13BE /* C1.2.png */,
				0321F4AB1DD1E40100CB13BE /* C1.3.png */,
				0321F4AC1DD1E40100CB13BE /* D1.1.png */,
				0321F4AD1DD1E40100CB13BE /* D1.2.png */,
				0321F4AE1DD1E40100CB13BE /* D1.3.png */,
				0321F4AF1DD1E40100CB13BE /* D1.4.png */,
				0321F4B01DD1E40100CB13BE /* D1.5.png */,
				0321F4B11DD1E40100CB13BE /* D1.6.png */,
				0321F4B21DD1E40200CB13BE /* E0a.png */,
				0321F4B31DD1E40200CB13BE /* E1.4a.png */,
				0321F4B41DD1E40200CB13BE /* E1.4b.png */,
				03CA5EBA1DE8854400B83D2A /* LightPlanPhilips-Bridging-Header.h */,
			);
			name = "Philips Light Plan PDF";
			sourceTree = "<group>";
		};
		03B2B1921DDA160C00CCFF70 /* Philips Light Plan RoomType */ = {
			isa = PBXGroup;
			children = (
				0311F6591DE5A07000FDB150 /* Open space.png */,
				03B2B1931DDA162F00CCFF70 /* bathroom.png */,
				03B2B1941DDA162F00CCFF70 /* bedroom.png */,
				03B2B1951DDA162F00CCFF70 /* dining.png */,
				03B2B1961DDA162F00CCFF70 /* kitchen.png */,
				03B2B1971DDA162F00CCFF70 /* living.png */,
				03B2B1981DDA162F00CCFF70 /* toilet.png */,
			);
			name = "Philips Light Plan RoomType";
			sourceTree = "<group>";
		};
		03BB03061DD0C75B00AD5069 = {
			isa = PBXGroup;
			children = (
				03BB03111DD0C75B00AD5069 /* LightPlanPhilips */,
				03BB03101DD0C75B00AD5069 /* Products */,
				03013F341DE87F6C002BBA6B /* Frameworks */,
			);
			sourceTree = "<group>";
		};
		03BB03101DD0C75B00AD5069 /* Products */ = {
			isa = PBXGroup;
			children = (
				03BB030F1DD0C75B00AD5069 /* LightPlanPhilips.app */,
			);
			name = Products;
			sourceTree = "<group>";
		};
		03BB03111DD0C75B00AD5069 /* LightPlanPhilips */ = {
			isa = PBXGroup;
			children = (
				03B2B1921DDA160C00CCFF70 /* Philips Light Plan RoomType */,
				030878511DD3B392003812A7 /* Philips Light Plan LightType */,
				031CEBD21DD3802000E40BCF /* Controller */,
				031CEBD11DD3801800E40BCF /* Model */,
				031CEBD31DD3803400E40BCF /* View */,
				031CEBD41DD3807500E40BCF /* Additional Files */,
				0321F4C31DD1E41200CB13BE /* Philips Light Plan PDF */,
			);
			indentWidth = 2;
			path = LightPlanPhilips;
			sourceTree = "<group>";
			tabWidth = 2;
		};
/* End PBXGroup section */

/* Begin PBXNativeTarget section */
		03BB030E1DD0C75B00AD5069 /* LightPlanPhilips */ = {
			isa = PBXNativeTarget;
			buildConfigurationList = 03BB03211DD0C75B00AD5069 /* Build configuration list for PBXNativeTarget "LightPlanPhilips" */;
			buildPhases = (
				03BB030B1DD0C75B00AD5069 /* Sources */,
				03BB030C1DD0C75B00AD5069 /* Frameworks */,
				03BB030D1DD0C75B00AD5069 /* Resources */,
			);
			buildRules = (
			);
			dependencies = (
			);
			name = LightPlanPhilips;
			productName = LightPlanPhilips;
			productReference = 03BB030F1DD0C75B00AD5069 /* LightPlanPhilips.app */;
			productType = "com.apple.product-type.application";
		};
/* End PBXNativeTarget section */

/* Begin PBXProject section */
		03BB03071DD0C75B00AD5069 /* Project object */ = {
			isa = PBXProject;
			attributes = {
				LastSwiftUpdateCheck = 0810;
				LastUpgradeCheck = 0810;
				ORGANIZATIONNAME = "The App Academy";
				TargetAttributes = {
					03BB030E1DD0C75B00AD5069 = {
						CreatedOnToolsVersion = 8.1;
						DevelopmentTeam = HZWL927386;
						LastSwiftMigration = 0810;
						ProvisioningStyle = Automatic;
					};
				};
			};
			buildConfigurationList = 03BB030A1DD0C75B00AD5069 /* Build configuration list for PBXProject "LightPlanPhilips" */;
			compatibilityVersion = "Xcode 3.2";
			developmentRegion = English;
			hasScannedForEncodings = 0;
			knownRegions = (
				en,
				Base,
			);
			mainGroup = 03BB03061DD0C75B00AD5069;
			productRefGroup = 03BB03101DD0C75B00AD5069 /* Products */;
			projectDirPath = "";
			projectRoot = "";
			targets = (
				03BB030E1DD0C75B00AD5069 /* LightPlanPhilips */,
			);
		};
/* End PBXProject section */

/* Begin PBXResourcesBuildPhase section */
		03BB030D1DD0C75B00AD5069 /* Resources */ = {
			isa = PBXResourcesBuildPhase;
			buildActionMask = 2147483647;
			files = (
				03B2B18C1DDA160100CCFF70 /* pendant.png in Resources */,
				0321F49A1DD1E3BD00CB13BE /* A1.1.png in Resources */,
				03B2B18E1DDA160100CCFF70 /* go.png in Resources */,
				0311F65A1DE5A07000FDB150 /* Open space.png in Resources */,
				03B2B19C1DDA162F00CCFF70 /* kitchen.png in Resources */,
				03B2B1881DDA160100CCFF70 /* rec_spot.png in Resources */,
				03B2B1911DDA160100CCFF70 /* white_and_color_e27_b22.png in Resources */,
				0321F4A11DD1E3DC00CB13BE /* A1.0.png in Resources */,
				0321F4BB1DD1E40200CB13BE /* D1.2.png in Resources */,
				03B2B1891DDA160100CCFF70 /* ceiling.png in Resources */,
				03B2B19E1DDA162F00CCFF70 /* toilet.png in Resources */,
				0321F4B51DD1E40200CB13BE /* B1.1.png in Resources */,
				03B2B19D1DDA162F00CCFF70 /* living.png in Resources */,
				0312B1371DF55D2E00044DB7 /* PlaceFurnitureScene.sks in Resources */,
				03B2B18A1DDA160100CCFF70 /* table.png in Resources */,
				0321F4B71DD1E40200CB13BE /* C1.1.png in Resources */,
				0321F4A21DD1E3DC00CB13BE /* A1.2.png in Resources */,
				03B2B18F1DDA160100CCFF70 /* gu10_perfectfit.png in Resources */,
				03B2B18D1DDA160100CCFF70 /* br30_slim.png in Resources */,
				0321F4BE1DD1E40200CB13BE /* D1.5.png in Resources */,
				0321F4C01DD1E40200CB13BE /* E0a.png in Resources */,
				0321F4A31DD1E3DC00CB13BE /* A1.3.png in Resources */,
				0321F4B61DD1E40200CB13BE /* B1.2.png in Resources */,
				03B2B19B1DDA162F00CCFF70 /* dining.png in Resources */,
				0321F4BC1DD1E40200CB13BE /* D1.3.png in Resources */,
				0321F4BD1DD1E40200CB13BE /* D1.4.png in Resources */,
				0321F4A61DD1E3DC00CB13BE /* A1.5b.png in Resources */,
				03B2B19A1DDA162F00CCFF70 /* bedroom.png in Resources */,
				0321F4C21DD1E40200CB13BE /* E1.4b.png in Resources */,
				03B2B18B1DDA160100CCFF70 /* floor.png in Resources */,
				0321F4A51DD1E3DC00CB13BE /* A1.5a.png in Resources */,
				03013F171DE838BB002BBA6B /* RoomSizeAdjustScene.sks in Resources */,
				03BB031A1DD0C75B00AD5069 /* Assets.xcassets in Resources */,
				9C4884A71DD3816800DE07EA /* RoomScene.sks in Resources */,
				03BB03181DD0C75B00AD5069 /* Main.storyboard in Resources */,
				03B2B1871DDA160100CCFF70 /* spot.png in Resources */,
				0321F4B91DD1E40200CB13BE /* C1.3.png in Resources */,
				0321F4A41DD1E3DC00CB13BE /* A1.4.png in Resources */,
				0321F4BF1DD1E40200CB13BE /* D1.6.png in Resources */,
				0321F4B81DD1E40200CB13BE /* C1.2.png in Resources */,
				03B2B1991DDA162F00CCFF70 /* bathroom.png in Resources */,
				0321F4BA1DD1E40200CB13BE /* D1.1.png in Resources */,
				0321F4C11DD1E40200CB13BE /* E1.4a.png in Resources */,
				03B2B1901DDA160100CCFF70 /* lightstrip.png in Resources */,
			);
			runOnlyForDeploymentPostprocessing = 0;
		};
/* End PBXResourcesBuildPhase section */

/* Begin PBXSourcesBuildPhase section */
		03BB030B1DD0C75B00AD5069 /* Sources */ = {
			isa = PBXSourcesBuildPhase;
			buildActionMask = 2147483647;
			files = (
				0308784E1DD3ADB7003812A7 /* LightType.swift in Sources */,
				0312B1391DF55D5300044DB7 /* PlaceFurnitureScene.swift in Sources */,
				0374EB0F1DD4ABAB002165CD /* Debug.swift in Sources */,
				03013F151DE8389B002BBA6B /* RoomSizeAdjustScene.swift in Sources */,
				9C3DE6111DDB4A0600BDD092 /* SceneViewController.swift in Sources */,
				9C7D67671DDC4C8500C0CEAF /* Group.swift in Sources */,
				9C7D676B1DDC782300C0CEAF /* GroupBulbsViewController.swift in Sources */,
				030878501DD3AE32003812A7 /* DataLightPlan.swift in Sources */,
				039137441DE4448000A6FB1E /* Extension UIButton.swift in Sources */,
				03013F191DE83953002BBA6B /* RoomSizeAdjustViewController.swift in Sources */,
				031CEBD81DD3831D00E40BCF /* NameLightViewController.swift in Sources */,
				9C43CEF01DF569FF00CEFB62 /* addBulbCell.swift in Sources */,
				0374EB361DD67330002165CD /* TestButton.swift in Sources */,
				030878791DD48B88003812A7 /* NameLight.swift in Sources */,
				9C981AFF1DD4897C00D3DDAF /* DataSource.swift in Sources */,
				9C4884A11DD37EEF00DE07EA /* Bulb.swift in Sources */,
				0374EB321DD5E8F3002165CD /* LightTypeCollectionViewController.swift in Sources */,
				9C7D67691DDC4F4F00C0CEAF /* Room.swift in Sources */,
				038531CE1DF1684D00776F9D /* PlaceFurnitureViewController.swift in Sources */,
				9C4884A51DD3814400DE07EA /* RoomScene.swift in Sources */,
				032162C61DF56BFA0071EE57 /* PlaceFurnitureCollectionCell.swift in Sources */,
				9C0BD1E21DF0600C000BA00C /* ChooseItem.swift in Sources */,
				030B19E91DEC28B6000A9607 /* MyRoomViewController.swift in Sources */,
				9C4884A91DD3829100DE07EA /* RoomViewController.swift in Sources */,
				030CD8161DF07EFD00232D8D /* RoomShapeModel.swift in Sources */,
				9C3F10341DED6F90003AB480 /* NameBulbViewController.swift in Sources */,
				9C43CEEE1DF55E0E00CEFB62 /* PlaceBulbViewController.swift in Sources */,
				030E81BF1DE6DB6100A2301B /* TestSKViewController.swift in Sources */,
				03AB669D1DDCC6640073221E /* RoomShapeViewController.swift in Sources */,
				031DB0861DEEBDAB006C0F66 /* MyRoomTableViewCell.swift in Sources */,
				039137461DE476B200A6FB1E /* LightPlanCreatorViewController.swift in Sources */,
				9C0BD1DE1DF055F1000BA00C /* ChooseItemTableViewController.swift in Sources */,
				03BB03131DD0C75B00AD5069 /* AppDelegate.swift in Sources */,
				030CD8121DF054DE00232D8D /* SelectRoomTypeCollectionCell.swift in Sources */,
				0391374A1DE4887600A6FB1E /* SelectRoomTypeViewController.swift in Sources */,
				9C1200BD1DF18516005D3D61 /* ShowGroupViewController.swift in Sources */,
				9C0BFC971DE5DB63000D6382 /* Home.swift in Sources */,
				9C0BFC941DE34F3B000D6382 /* bulbSpriteNode.swift in Sources */,
				9C0BD1E01DF05B4E000BA00C /* ChooseItemCell.swift in Sources */,
			);
			runOnlyForDeploymentPostprocessing = 0;
		};
/* End PBXSourcesBuildPhase section */

/* Begin PBXVariantGroup section */
		03BB03161DD0C75B00AD5069 /* Main.storyboard */ = {
			isa = PBXVariantGroup;
			children = (
				03BB03171DD0C75B00AD5069 /* Base */,
			);
			name = Main.storyboard;
			sourceTree = "<group>";
		};
/* End PBXVariantGroup section */

/* Begin XCBuildConfiguration section */
		03BB031F1DD0C75B00AD5069 /* Debug */ = {
			isa = XCBuildConfiguration;
			buildSettings = {
				ALWAYS_SEARCH_USER_PATHS = NO;
				CLANG_ANALYZER_NONNULL = YES;
				CLANG_CXX_LANGUAGE_STANDARD = "gnu++0x";
				CLANG_CXX_LIBRARY = "libc++";
				CLANG_ENABLE_MODULES = YES;
				CLANG_ENABLE_OBJC_ARC = YES;
				CLANG_WARN_BOOL_CONVERSION = YES;
				CLANG_WARN_CONSTANT_CONVERSION = YES;
				CLANG_WARN_DIRECT_OBJC_ISA_USAGE = YES_ERROR;
				CLANG_WARN_DOCUMENTATION_COMMENTS = YES;
				CLANG_WARN_EMPTY_BODY = YES;
				CLANG_WARN_ENUM_CONVERSION = YES;
				CLANG_WARN_INFINITE_RECURSION = YES;
				CLANG_WARN_INT_CONVERSION = YES;
				CLANG_WARN_OBJC_ROOT_CLASS = YES_ERROR;
				CLANG_WARN_SUSPICIOUS_MOVES = YES;
				CLANG_WARN_UNREACHABLE_CODE = YES;
				CLANG_WARN__DUPLICATE_METHOD_MATCH = YES;
				"CODE_SIGN_IDENTITY[sdk=iphoneos*]" = "iPhone Developer";
				COPY_PHASE_STRIP = NO;
				DEBUG_INFORMATION_FORMAT = dwarf;
				ENABLE_STRICT_OBJC_MSGSEND = YES;
				ENABLE_TESTABILITY = YES;
				GCC_C_LANGUAGE_STANDARD = gnu99;
				GCC_DYNAMIC_NO_PIC = NO;
				GCC_NO_COMMON_BLOCKS = YES;
				GCC_OPTIMIZATION_LEVEL = 0;
				GCC_PREPROCESSOR_DEFINITIONS = (
					"DEBUG=1",
					"$(inherited)",
				);
				GCC_WARN_64_TO_32_BIT_CONVERSION = YES;
				GCC_WARN_ABOUT_RETURN_TYPE = YES_ERROR;
				GCC_WARN_UNDECLARED_SELECTOR = YES;
				GCC_WARN_UNINITIALIZED_AUTOS = YES_AGGRESSIVE;
				GCC_WARN_UNUSED_FUNCTION = YES;
				GCC_WARN_UNUSED_VARIABLE = YES;
				IPHONEOS_DEPLOYMENT_TARGET = 10.1;
				MTL_ENABLE_DEBUG_INFO = YES;
				ONLY_ACTIVE_ARCH = YES;
				SDKROOT = iphoneos;
				SWIFT_ACTIVE_COMPILATION_CONDITIONS = DEBUG;
				SWIFT_OPTIMIZATION_LEVEL = "-Onone";
				TARGETED_DEVICE_FAMILY = "1,2";
			};
			name = Debug;
		};
		03BB03201DD0C75B00AD5069 /* Release */ = {
			isa = XCBuildConfiguration;
			buildSettings = {
				ALWAYS_SEARCH_USER_PATHS = NO;
				CLANG_ANALYZER_NONNULL = YES;
				CLANG_CXX_LANGUAGE_STANDARD = "gnu++0x";
				CLANG_CXX_LIBRARY = "libc++";
				CLANG_ENABLE_MODULES = YES;
				CLANG_ENABLE_OBJC_ARC = YES;
				CLANG_WARN_BOOL_CONVERSION = YES;
				CLANG_WARN_CONSTANT_CONVERSION = YES;
				CLANG_WARN_DIRECT_OBJC_ISA_USAGE = YES_ERROR;
				CLANG_WARN_DOCUMENTATION_COMMENTS = YES;
				CLANG_WARN_EMPTY_BODY = YES;
				CLANG_WARN_ENUM_CONVERSION = YES;
				CLANG_WARN_INFINITE_RECURSION = YES;
				CLANG_WARN_INT_CONVERSION = YES;
				CLANG_WARN_OBJC_ROOT_CLASS = YES_ERROR;
				CLANG_WARN_SUSPICIOUS_MOVES = YES;
				CLANG_WARN_UNREACHABLE_CODE = YES;
				CLANG_WARN__DUPLICATE_METHOD_MATCH = YES;
				"CODE_SIGN_IDENTITY[sdk=iphoneos*]" = "iPhone Developer";
				COPY_PHASE_STRIP = NO;
				DEBUG_INFORMATION_FORMAT = "dwarf-with-dsym";
				ENABLE_NS_ASSERTIONS = NO;
				ENABLE_STRICT_OBJC_MSGSEND = YES;
				GCC_C_LANGUAGE_STANDARD = gnu99;
				GCC_NO_COMMON_BLOCKS = YES;
				GCC_WARN_64_TO_32_BIT_CONVERSION = YES;
				GCC_WARN_ABOUT_RETURN_TYPE = YES_ERROR;
				GCC_WARN_UNDECLARED_SELECTOR = YES;
				GCC_WARN_UNINITIALIZED_AUTOS = YES_AGGRESSIVE;
				GCC_WARN_UNUSED_FUNCTION = YES;
				GCC_WARN_UNUSED_VARIABLE = YES;
				IPHONEOS_DEPLOYMENT_TARGET = 10.1;
				MTL_ENABLE_DEBUG_INFO = NO;
				SDKROOT = iphoneos;
				SWIFT_OPTIMIZATION_LEVEL = "-Owholemodule";
				TARGETED_DEVICE_FAMILY = "1,2";
				VALIDATE_PRODUCT = YES;
			};
			name = Release;
		};
		03BB03221DD0C75B00AD5069 /* Debug */ = {
			isa = XCBuildConfiguration;
			buildSettings = {
				ASSETCATALOG_COMPILER_APPICON_NAME = AppIcon;
				CLANG_ENABLE_MODULES = YES;
				DEVELOPMENT_TEAM = HZWL927386;
				FRAMEWORK_SEARCH_PATHS = (
					"$(inherited)",
					"$(PROJECT_DIR)",
				);
				INFOPLIST_FILE = LightPlanPhilips/Info.plist;
				LD_RUNPATH_SEARCH_PATHS = "$(inherited) @executable_path/Frameworks";
				PRODUCT_BUNDLE_IDENTIFIER = nl.theappacademy.LightPlanPhilips;
				PRODUCT_NAME = "$(TARGET_NAME)";
				SWIFT_OBJC_BRIDGING_HEADER = "LightPlanPhilips/LightPlanPhilips-Bridging-Header.h";
				SWIFT_OPTIMIZATION_LEVEL = "-Onone";
				SWIFT_VERSION = 3.0;
			};
			name = Debug;
		};
		03BB03231DD0C75B00AD5069 /* Release */ = {
			isa = XCBuildConfiguration;
			buildSettings = {
				ASSETCATALOG_COMPILER_APPICON_NAME = AppIcon;
				CLANG_ENABLE_MODULES = YES;
				DEVELOPMENT_TEAM = HZWL927386;
				FRAMEWORK_SEARCH_PATHS = (
					"$(inherited)",
					"$(PROJECT_DIR)",
				);
				INFOPLIST_FILE = LightPlanPhilips/Info.plist;
				LD_RUNPATH_SEARCH_PATHS = "$(inherited) @executable_path/Frameworks";
				PRODUCT_BUNDLE_IDENTIFIER = nl.theappacademy.LightPlanPhilips;
				PRODUCT_NAME = "$(TARGET_NAME)";
				SWIFT_OBJC_BRIDGING_HEADER = "LightPlanPhilips/LightPlanPhilips-Bridging-Header.h";
				SWIFT_VERSION = 3.0;
			};
			name = Release;
		};
/* End XCBuildConfiguration section */

/* Begin XCConfigurationList section */
		03BB030A1DD0C75B00AD5069 /* Build configuration list for PBXProject "LightPlanPhilips" */ = {
			isa = XCConfigurationList;
			buildConfigurations = (
				03BB031F1DD0C75B00AD5069 /* Debug */,
				03BB03201DD0C75B00AD5069 /* Release */,
			);
			defaultConfigurationIsVisible = 0;
			defaultConfigurationName = Release;
		};
		03BB03211DD0C75B00AD5069 /* Build configuration list for PBXNativeTarget "LightPlanPhilips" */ = {
			isa = XCConfigurationList;
			buildConfigurations = (
				03BB03221DD0C75B00AD5069 /* Debug */,
				03BB03231DD0C75B00AD5069 /* Release */,
			);
			defaultConfigurationIsVisible = 0;
			defaultConfigurationName = Release;
		};
/* End XCConfigurationList section */
	};
	rootObject = 03BB03071DD0C75B00AD5069 /* Project object */;
}
